
Microsoft Visual Studio Solution File, Format Version 12.00
# Visual Studio 2012
Project("{FAE04EC0-301F-11D3-BF4B-00C04F79EFBC}") = "TwitterText", "Source\TwitterText.csproj", "{C05664B2-88DF-4C35-A334-BE8265B096A8}"
EndProject
Project("{FAE04EC0-301F-11D3-BF4B-00C04F79EFBC}") = "Tests", "Tests\Tests.csproj", "{46C4FE63-09A1-40B3-BDE9-24C79F0D4259}"
EndProject
Project("{2150E333-8FDC-42A3-9474-1A3956D46DE8}") = "Solution Items", "Solution Items", "{24C0F108-6F07-41EE-8F1C-5B9EC7E2E21B}"
	ProjectSection(SolutionItems) = preProject
		twitter-text-conformance\autolink.yml = twitter-text-conformance\autolink.yml
		twitter-text-conformance\extract.yml = twitter-text-conformance\extract.yml
		twitter-text-conformance\hit_highlighting.yml = twitter-text-conformance\hit_highlighting.yml
		TestSettings.testsettings = TestSettings.testsettings
		TwitterText.vsmdi = TwitterText.vsmdi
		twitter-text-conformance\validate.yml = twitter-text-conformance\validate.yml
	EndProjectSection
EndProject
Global
	GlobalSection(TestCaseManagementSettings) = postSolution
		CategoryFile = TwitterText.vsmdi
	EndGlobalSection
	GlobalSection(SolutionConfigurationPlatforms) = preSolution
		Debug|Any CPU = Debug|Any CPU
		Release|Any CPU = Release|Any CPU
	EndGlobalSection
	GlobalSection(ProjectConfigurationPlatforms) = postSolution
		{C05664B2-88DF-4C35-A334-BE8265B096A8}.Debug|Any CPU.ActiveCfg = Debug|Any CPU
		{C05664B2-88DF-4C35-A334-BE8265B096A8}.Debug|Any CPU.Build.0 = Debug|Any CPU
		{C05664B2-88DF-4C35-A334-BE8265B096A8}.Release|Any CPU.ActiveCfg = Release|Any CPU
		{C05664B2-88DF-4C35-A334-BE8265B096A8}.Release|Any CPU.Build.0 = Release|Any CPU
		{46C4FE63-09A1-40B3-BDE9-24C79F0D4259}.Debug|Any CPU.ActiveCfg = Debug|Any CPU
		{46C4FE63-09A1-40B3-BDE9-24C79F0D4259}.Debug|Any CPU.Build.0 = Debug|Any CPU
		{46C4FE63-09A1-40B3-BDE9-24C79F0D4259}.Release|Any CPU.ActiveCfg = Release|Any CPU
		{46C4FE63-09A1-40B3-BDE9-24C79F0D4259}.Release|Any CPU.Build.0 = Release|Any CPU
	EndGlobalSection
	GlobalSection(SolutionProperties) = preSolution
		HideSolutionNode = FALSE
	EndGlobalSection
EndGlobal
